// !$*UTF8*$!
{
	archiveVersion = 1;
	classes = {
	};
	objectVersion = 55;
	objects = {

/* Begin PBXBuildFile section */
		14585C0727A96ED80082CA18 /* VideoPlayerView.swift in Sources */ = {isa = PBXBuildFile; fileRef = 14585C0627A96ED80082CA18 /* VideoPlayerView.swift */; };
		14A4A5BC27A9610B0055D812 /* AVPlayerExerciseApp.swift in Sources */ = {isa = PBXBuildFile; fileRef = 14A4A5BB27A9610B0055D812 /* AVPlayerExerciseApp.swift */; };
		14A4A5BE27A9610B0055D812 /* ContentView.swift in Sources */ = {isa = PBXBuildFile; fileRef = 14A4A5BD27A9610B0055D812 /* ContentView.swift */; };
		14A4A5C027A9610B0055D812 /* Assets.xcassets in Resources */ = {isa = PBXBuildFile; fileRef = 14A4A5BF27A9610B0055D812 /* Assets.xcassets */; };
		14A4A5C327A9610B0055D812 /* Preview Assets.xcassets in Resources */ = {isa = PBXBuildFile; fileRef = 14A4A5C227A9610B0055D812 /* Preview Assets.xcassets */; };
		14A4A5CD27A9610B0055D812 /* AVPlayerExerciseTests.swift in Sources */ = {isa = PBXBuildFile; fileRef = 14A4A5CC27A9610B0055D812 /* AVPlayerExerciseTests.swift */; };
		14A4A5D727A9610B0055D812 /* AVPlayerExerciseUITests.swift in Sources */ = {isa = PBXBuildFile; fileRef = 14A4A5D627A9610B0055D812 /* AVPlayerExerciseUITests.swift */; };
		14A4A5D927A9610B0055D812 /* AVPlayerExerciseUITestsLaunchTests.swift in Sources */ = {isa = PBXBuildFile; fileRef = 14A4A5D827A9610B0055D812 /* AVPlayerExerciseUITestsLaunchTests.swift */; };
/* End PBXBuildFile section */

/* Begin PBXContainerItemProxy section */
		14A4A5C927A9610B0055D812 /* PBXContainerItemProxy */ = {
			isa = PBXContainerItemProxy;
			containerPortal = 14A4A5B027A9610B0055D812 /* Project object */;
			proxyType = 1;
			remoteGlobalIDString = 14A4A5B727A9610B0055D812;
			remoteInfo = AVPlayerExercise;
		};
		14A4A5D327A9610B0055D812 /* PBXContainerItemProxy */ = {
			isa = PBXContainerItemProxy;
			containerPortal = 14A4A5B027A9610B0055D812 /* Project object */;
			proxyType = 1;
			remoteGlobalIDString = 14A4A5B727A9610B0055D812;
			remoteInfo = AVPlayerExercise;
		};
/* End PBXContainerItemProxy section */

/* Begin PBXFileReference section */
		14585C0627A96ED80082CA18 /* VideoPlayerView.swift */ = {isa = PBXFileReference; lastKnownFileType = sourcecode.swift; path = VideoPlayerView.swift; sourceTree = "<group>"; };
		14585C0927A97FE00082CA18 /* .swiftlint.yml */ = {isa = PBXFileReference; lastKnownFileType = text.yaml; path = .swiftlint.yml; sourceTree = "<group>"; };
		14A4A5B827A9610B0055D812 /* AVPlayerExercise.app */ = {isa = PBXFileReference; explicitFileType = wrapper.application; includeInIndex = 0; path = AVPlayerExercise.app; sourceTree = BUILT_PRODUCTS_DIR; };
		14A4A5BB27A9610B0055D812 /* AVPlayerExerciseApp.swift */ = {isa = PBXFileReference; lastKnownFileType = sourcecode.swift; path = AVPlayerExerciseApp.swift; sourceTree = "<group>"; };
		14A4A5BD27A9610B0055D812 /* ContentView.swift */ = {isa = PBXFileReference; lastKnownFileType = sourcecode.swift; path = ContentView.swift; sourceTree = "<group>"; };
		14A4A5BF27A9610B0055D812 /* Assets.xcassets */ = {isa = PBXFileReference; lastKnownFileType = folder.assetcatalog; path = Assets.xcassets; sourceTree = "<group>"; };
		14A4A5C227A9610B0055D812 /* Preview Assets.xcassets */ = {isa = PBXFileReference; lastKnownFileType = folder.assetcatalog; path = "Preview Assets.xcassets"; sourceTree = "<group>"; };
		14A4A5C827A9610B0055D812 /* AVPlayerExerciseTests.xctest */ = {isa = PBXFileReference; explicitFileType = wrapper.cfbundle; includeInIndex = 0; path = AVPlayerExerciseTests.xctest; sourceTree = BUILT_PRODUCTS_DIR; };
		14A4A5CC27A9610B0055D812 /* AVPlayerExerciseTests.swift */ = {isa = PBXFileReference; lastKnownFileType = sourcecode.swift; path = AVPlayerExerciseTests.swift; sourceTree = "<group>"; };
		14A4A5D227A9610B0055D812 /* AVPlayerExerciseUITests.xctest */ = {isa = PBXFileReference; explicitFileType = wrapper.cfbundle; includeInIndex = 0; path = AVPlayerExerciseUITests.xctest; sourceTree = BUILT_PRODUCTS_DIR; };
		14A4A5D627A9610B0055D812 /* AVPlayerExerciseUITests.swift */ = {isa = PBXFileReference; lastKnownFileType = sourcecode.swift; path = AVPlayerExerciseUITests.swift; sourceTree = "<group>"; };
		14A4A5D827A9610B0055D812 /* AVPlayerExerciseUITestsLaunchTests.swift */ = {isa = PBXFileReference; lastKnownFileType = sourcecode.swift; path = AVPlayerExerciseUITestsLaunchTests.swift; sourceTree = "<group>"; };
		14A4A5E527A962CE0055D812 /* README.md */ = {isa = PBXFileReference; fileEncoding = 4; lastKnownFileType = net.daringfireball.markdown; path = README.md; sourceTree = "<group>"; };
		14A4A5E727A962FE0055D812 /* .gitignore */ = {isa = PBXFileReference; lastKnownFileType = text; path = .gitignore; sourceTree = "<group>"; };
/* End PBXFileReference section */

/* Begin PBXFrameworksBuildPhase section */
		14A4A5B527A9610B0055D812 /* Frameworks */ = {
			isa = PBXFrameworksBuildPhase;
			buildActionMask = 2147483647;
			files = (
			);
			runOnlyForDeploymentPostprocessing = 0;
		};
		14A4A5C527A9610B0055D812 /* Frameworks */ = {
			isa = PBXFrameworksBuildPhase;
			buildActionMask = 2147483647;
			files = (
			);
			runOnlyForDeploymentPostprocessing = 0;
		};
		14A4A5CF27A9610B0055D812 /* Frameworks */ = {
			isa = PBXFrameworksBuildPhase;
			buildActionMask = 2147483647;
			files = (
			);
			runOnlyForDeploymentPostprocessing = 0;
		};
/* End PBXFrameworksBuildPhase section */

/* Begin PBXGroup section */
		14585C0A27A9809F0082CA18 /* Custom Views */ = {
			isa = PBXGroup;
			children = (
				14585C0627A96ED80082CA18 /* VideoPlayerView.swift */,
			);
			path = "Custom Views";
			sourceTree = "<group>";
		};
		14A4A5AF27A9610B0055D812 = {
			isa = PBXGroup;
			children = (
				14A4A5E527A962CE0055D812 /* README.md */,
				14A4A5E727A962FE0055D812 /* .gitignore */,
				14585C0927A97FE00082CA18 /* .swiftlint.yml */,
				14A4A5BA27A9610B0055D812 /* Sources */,
				14A4A5CB27A9610B0055D812 /* AVPlayerExerciseTests */,
				14A4A5D527A9610B0055D812 /* AVPlayerExerciseUITests */,
				14A4A5B927A9610B0055D812 /* Products */,
			);
			sourceTree = "<group>";
		};
		14A4A5B927A9610B0055D812 /* Products */ = {
			isa = PBXGroup;
			children = (
				14A4A5B827A9610B0055D812 /* AVPlayerExercise.app */,
				14A4A5C827A9610B0055D812 /* AVPlayerExerciseTests.xctest */,
				14A4A5D227A9610B0055D812 /* AVPlayerExerciseUITests.xctest */,
			);
			name = Products;
			sourceTree = "<group>";
		};
		14A4A5BA27A9610B0055D812 /* Sources */ = {
			isa = PBXGroup;
			children = (
				14585C0A27A9809F0082CA18 /* Custom Views */,
				14A4A5BB27A9610B0055D812 /* AVPlayerExerciseApp.swift */,
				14A4A5BD27A9610B0055D812 /* ContentView.swift */,
				14A4A5BF27A9610B0055D812 /* Assets.xcassets */,
				14A4A5C127A9610B0055D812 /* Preview Content */,
			);
			path = Sources;
			sourceTree = "<group>";
		};
		14A4A5C127A9610B0055D812 /* Preview Content */ = {
			isa = PBXGroup;
			children = (
				14A4A5C227A9610B0055D812 /* Preview Assets.xcassets */,
			);
			path = "Preview Content";
			sourceTree = "<group>";
		};
		14A4A5CB27A9610B0055D812 /* AVPlayerExerciseTests */ = {
			isa = PBXGroup;
			children = (
				14A4A5CC27A9610B0055D812 /* AVPlayerExerciseTests.swift */,
			);
			path = AVPlayerExerciseTests;
			sourceTree = "<group>";
		};
		14A4A5D527A9610B0055D812 /* AVPlayerExerciseUITests */ = {
			isa = PBXGroup;
			children = (
				14A4A5D627A9610B0055D812 /* AVPlayerExerciseUITests.swift */,
				14A4A5D827A9610B0055D812 /* AVPlayerExerciseUITestsLaunchTests.swift */,
			);
			path = AVPlayerExerciseUITests;
			sourceTree = "<group>";
		};
/* End PBXGroup section */

/* Begin PBXNativeTarget section */
		14A4A5B727A9610B0055D812 /* AVPlayerExercise */ = {
			isa = PBXNativeTarget;
			buildConfigurationList = 14A4A5DC27A9610B0055D812 /* Build configuration list for PBXNativeTarget "AVPlayerExercise" */;
			buildPhases = (
				14A4A5B427A9610B0055D812 /* Sources */,
				14A4A5B527A9610B0055D812 /* Frameworks */,
				14A4A5B627A9610B0055D812 /* Resources */,
				14585C0827A97F090082CA18 /* Swiftlint */,
			);
			buildRules = (
			);
			dependencies = (
			);
			name = AVPlayerExercise;
			productName = AVPlayerExercise;
			productReference = 14A4A5B827A9610B0055D812 /* AVPlayerExercise.app */;
			productType = "com.apple.product-type.application";
		};
		14A4A5C727A9610B0055D812 /* AVPlayerExerciseTests */ = {
			isa = PBXNativeTarget;
			buildConfigurationList = 14A4A5DF27A9610B0055D812 /* Build configuration list for PBXNativeTarget "AVPlayerExerciseTests" */;
			buildPhases = (
				14A4A5C427A9610B0055D812 /* Sources */,
				14A4A5C527A9610B0055D812 /* Frameworks */,
				14A4A5C627A9610B0055D812 /* Resources */,
			);
			buildRules = (
			);
			dependencies = (
				14A4A5CA27A9610B0055D812 /* PBXTargetDependency */,
			);
			name = AVPlayerExerciseTests;
			productName = AVPlayerExerciseTests;
			productReference = 14A4A5C827A9610B0055D812 /* AVPlayerExerciseTests.xctest */;
			productType = "com.apple.product-type.bundle.unit-test";
		};
		14A4A5D127A9610B0055D812 /* AVPlayerExerciseUITests */ = {
			isa = PBXNativeTarget;
			buildConfigurationList = 14A4A5E227A9610B0055D812 /* Build configuration list for PBXNativeTarget "AVPlayerExerciseUITests" */;
			buildPhases = (
				14A4A5CE27A9610B0055D812 /* Sources */,
				14A4A5CF27A9610B0055D812 /* Frameworks */,
				14A4A5D027A9610B0055D812 /* Resources */,
			);
			buildRules = (
			);
			dependencies = (
				14A4A5D427A9610B0055D812 /* PBXTargetDependency */,
			);
			name = AVPlayerExerciseUITests;
			productName = AVPlayerExerciseUITests;
			productReference = 14A4A5D227A9610B0055D812 /* AVPlayerExerciseUITests.xctest */;
			productType = "com.apple.product-type.bundle.ui-testing";
		};
/* End PBXNativeTarget section */

/* Begin PBXProject section */
		14A4A5B027A9610B0055D812 /* Project object */ = {
			isa = PBXProject;
			attributes = {
				BuildIndependentTargetsInParallel = 1;
				LastSwiftUpdateCheck = 1320;
				LastUpgradeCheck = 1320;
				TargetAttributes = {
					14A4A5B727A9610B0055D812 = {
						CreatedOnToolsVersion = 13.2.1;
					};
					14A4A5C727A9610B0055D812 = {
						CreatedOnToolsVersion = 13.2.1;
						TestTargetID = 14A4A5B727A9610B0055D812;
					};
					14A4A5D127A9610B0055D812 = {
						CreatedOnToolsVersion = 13.2.1;
						TestTargetID = 14A4A5B727A9610B0055D812;
					};
				};
			};
			buildConfigurationList = 14A4A5B327A9610B0055D812 /* Build configuration list for PBXProject "AVPlayerExercise" */;
			compatibilityVersion = "Xcode 13.0";
			developmentRegion = en;
			hasScannedForEncodings = 0;
			knownRegions = (
				en,
				Base,
			);
			mainGroup = 14A4A5AF27A9610B0055D812;
			productRefGroup = 14A4A5B927A9610B0055D812 /* Products */;
			projectDirPath = "";
			projectRoot = "";
			targets = (
				14A4A5B727A9610B0055D812 /* AVPlayerExercise */,
				14A4A5C727A9610B0055D812 /* AVPlayerExerciseTests */,
				14A4A5D127A9610B0055D812 /* AVPlayerExerciseUITests */,
			);
		};
/* End PBXProject section */

/* Begin PBXResourcesBuildPhase section */
		14A4A5B627A9610B0055D812 /* Resources */ = {
			isa = PBXResourcesBuildPhase;
			buildActionMask = 2147483647;
			files = (
				14A4A5C327A9610B0055D812 /* Preview Assets.xcassets in Resources */,
				14A4A5C027A9610B0055D812 /* Assets.xcassets in Resources */,
			);
			runOnlyForDeploymentPostprocessing = 0;
		};
		14A4A5C627A9610B0055D812 /* Resources */ = {
			isa = PBXResourcesBuildPhase;
			buildActionMask = 2147483647;
			files = (
			);
			runOnlyForDeploymentPostprocessing = 0;
		};
		14A4A5D027A9610B0055D812 /* Resources */ = {
			isa = PBXResourcesBuildPhase;
			buildActionMask = 2147483647;
			files = (
			);
			runOnlyForDeploymentPostprocessing = 0;
		};
/* End PBXResourcesBuildPhase section */

/* Begin PBXShellScriptBuildPhase section */
		14585C0827A97F090082CA18 /* Swiftlint */ = {
			isa = PBXShellScriptBuildPhase;
			buildActionMask = 2147483647;
			files = (
			);
			inputFileListPaths = (
			);
			inputPaths = (
			);
			name = Swiftlint;
			outputFileListPaths = (
			);
			outputPaths = (
			);
			runOnlyForDeploymentPostprocessing = 0;
			shellPath = /bin/sh;
			shellScript = "export PATH=\"$PATH:/opt/homebrew/bin\"\n\nif which swiftlint >/dev/null; then\n  swiftlint\nelse\n  echo \"warning: SwiftLint not installed, download from https://github.com/realm/SwiftLint\"\nfi\n";
		};
/* End PBXShellScriptBuildPhase section */

/* Begin PBXSourcesBuildPhase section */
		14A4A5B427A9610B0055D812 /* Sources */ = {
			isa = PBXSourcesBuildPhase;
			buildActionMask = 2147483647;
			files = (
				14585C0727A96ED80082CA18 /* VideoPlayerView.swift in Sources */,
				14A4A5BE27A9610B0055D812 /* ContentView.swift in Sources */,
				14A4A5BC27A9610B0055D812 /* AVPlayerExerciseApp.swift in Sources */,
			);
			runOnlyForDeploymentPostprocessing = 0;
		};
		14A4A5C427A9610B0055D812 /* Sources */ = {
			isa = PBXSourcesBuildPhase;
			buildActionMask = 2147483647;
			files = (
				14A4A5CD27A9610B0055D812 /* AVPlayerExerciseTests.swift in Sources */,
			);
			runOnlyForDeploymentPostprocessing = 0;
		};
		14A4A5CE27A9610B0055D812 /* Sources */ = {
			isa = PBXSourcesBuildPhase;
			buildActionMask = 2147483647;
			files = (
				14A4A5D927A9610B0055D812 /* AVPlayerExerciseUITestsLaunchTests.swift in Sources */,
				14A4A5D727A9610B0055D812 /* AVPlayerExerciseUITests.swift in Sources */,
			);
			runOnlyForDeploymentPostprocessing = 0;
		};
/* End PBXSourcesBuildPhase section */

/* Begin PBXTargetDependency section */
		14A4A5CA27A9610B0055D812 /* PBXTargetDependency */ = {
			isa = PBXTargetDependency;
			target = 14A4A5B727A9610B0055D812 /* AVPlayerExercise */;
			targetProxy = 14A4A5C927A9610B0055D812 /* PBXContainerItemProxy */;
		};
		14A4A5D427A9610B0055D812 /* PBXTargetDependency */ = {
			isa = PBXTargetDependency;
			target = 14A4A5B727A9610B0055D812 /* AVPlayerExercise */;
			targetProxy = 14A4A5D327A9610B0055D812 /* PBXContainerItemProxy */;
		};
/* End PBXTargetDependency section */

/* Begin XCBuildConfiguration section */
		14A4A5DA27A9610B0055D812 /* Debug */ = {
			isa = XCBuildConfiguration;
			buildSettings = {
				ALWAYS_SEARCH_USER_PATHS = NO;
				CLANG_ANALYZER_NONNULL = YES;
				CLANG_ANALYZER_NUMBER_OBJECT_CONVERSION = YES_AGGRESSIVE;
				CLANG_CXX_LANGUAGE_STANDARD = "gnu++17";
				CLANG_CXX_LIBRARY = "libc++";
				CLANG_ENABLE_MODULES = YES;
				CLANG_ENABLE_OBJC_ARC = YES;
				CLANG_ENABLE_OBJC_WEAK = YES;
				CLANG_WARN_BLOCK_CAPTURE_AUTORELEASING = YES;
				CLANG_WARN_BOOL_CONVERSION = YES;
				CLANG_WARN_COMMA = YES;
				CLANG_WARN_CONSTANT_CONVERSION = YES;
				CLANG_WARN_DEPRECATED_OBJC_IMPLEMENTATIONS = YES;
				CLANG_WARN_DIRECT_OBJC_ISA_USAGE = YES_ERROR;
				CLANG_WARN_DOCUMENTATION_COMMENTS = YES;
				CLANG_WARN_EMPTY_BODY = YES;
				CLANG_WARN_ENUM_CONVERSION = YES;
				CLANG_WARN_INFINITE_RECURSION = YES;
				CLANG_WARN_INT_CONVERSION = YES;
				CLANG_WARN_NON_LITERAL_NULL_CONVERSION = YES;
				CLANG_WARN_OBJC_IMPLICIT_RETAIN_SELF = YES;
				CLANG_WARN_OBJC_LITERAL_CONVERSION = YES;
				CLANG_WARN_OBJC_ROOT_CLASS = YES_ERROR;
				CLANG_WARN_QUOTED_INCLUDE_IN_FRAMEWORK_HEADER = YES;
				CLANG_WARN_RANGE_LOOP_ANALYSIS = YES;
				CLANG_WARN_STRICT_PROTOTYPES = YES;
				CLANG_WARN_SUSPICIOUS_MOVE = YES;
				CLANG_WARN_UNGUARDED_AVAILABILITY = YES_AGGRESSIVE;
				CLANG_WARN_UNREACHABLE_CODE = YES;
				CLANG_WARN__DUPLICATE_METHOD_MATCH = YES;
				COPY_PHASE_STRIP = NO;
				DEBUG_INFORMATION_FORMAT = dwarf;
				ENABLE_STRICT_OBJC_MSGSEND = YES;
				ENABLE_TESTABILITY = YES;
				GCC_C_LANGUAGE_STANDARD = gnu11;
				GCC_DYNAMIC_NO_PIC = NO;
				GCC_NO_COMMON_BLOCKS = YES;
				GCC_OPTIMIZATION_LEVEL = 0;
				GCC_PREPROCESSOR_DEFINITIONS = (
					"DEBUG=1",
					"$(inherited)",
				);
				GCC_WARN_64_TO_32_BIT_CONVERSION = YES;
				GCC_WARN_ABOUT_RETURN_TYPE = YES_ERROR;
				GCC_WARN_UNDECLARED_SELECTOR = YES;
				GCC_WARN_UNINITIALIZED_AUTOS = YES_AGGRESSIVE;
				GCC_WARN_UNUSED_FUNCTION = YES;
				GCC_WARN_UNUSED_VARIABLE = YES;
				IPHONEOS_DEPLOYMENT_TARGET = 15.2;
				MTL_ENABLE_DEBUG_INFO = INCLUDE_SOURCE;
				MTL_FAST_MATH = YES;
				ONLY_ACTIVE_ARCH = YES;
				SDKROOT = iphoneos;
				SWIFT_ACTIVE_COMPILATION_CONDITIONS = DEBUG;
				SWIFT_OPTIMIZATION_LEVEL = "-Onone";
			};
			name = Debug;
		};
		14A4A5DB27A9610B0055D812 /* Release */ = {
			isa = XCBuildConfiguration;
			buildSettings = {
				ALWAYS_SEARCH_USER_PATHS = NO;
				CLANG_ANALYZER_NONNULL = YES;
				CLANG_ANALYZER_NUMBER_OBJECT_CONVERSION = YES_AGGRESSIVE;
				CLANG_CXX_LANGUAGE_STANDARD = "gnu++17";
				CLANG_CXX_LIBRARY = "libc++";
				CLANG_ENABLE_MODULES = YES;
				CLANG_ENABLE_OBJC_ARC = YES;
				CLANG_ENABLE_OBJC_WEAK = YES;
				CLANG_WARN_BLOCK_CAPTURE_AUTORELEASING = YES;
				CLANG_WARN_BOOL_CONVERSION = YES;
				CLANG_WARN_COMMA = YES;
				CLANG_WARN_CONSTANT_CONVERSION = YES;
				CLANG_WARN_DEPRECATED_OBJC_IMPLEMENTATIONS = YES;
				CLANG_WARN_DIRECT_OBJC_ISA_USAGE = YES_ERROR;
				CLANG_WARN_DOCUMENTATION_COMMENTS = YES;
				CLANG_WARN_EMPTY_BODY = YES;
				CLANG_WARN_ENUM_CONVERSION = YES;
				CLANG_WARN_INFINITE_RECURSION = YES;
				CLANG_WARN_INT_CONVERSION = YES;
				CLANG_WARN_NON_LITERAL_NULL_CONVERSION = YES;
				CLANG_WARN_OBJC_IMPLICIT_RETAIN_SELF = YES;
				CLANG_WARN_OBJC_LITERAL_CONVERSION = YES;
				CLANG_WARN_OBJC_ROOT_CLASS = YES_ERROR;
				CLANG_WARN_QUOTED_INCLUDE_IN_FRAMEWORK_HEADER = YES;
				CLANG_WARN_RANGE_LOOP_ANALYSIS = YES;
				CLANG_WARN_STRICT_PROTOTYPES = YES;
				CLANG_WARN_SUSPICIOUS_MOVE = YES;
				CLANG_WARN_UNGUARDED_AVAILABILITY = YES_AGGRESSIVE;
				CLANG_WARN_UNREACHABLE_CODE = YES;
				CLANG_WARN__DUPLICATE_METHOD_MATCH = YES;
				COPY_PHASE_STRIP = NO;
				DEBUG_INFORMATION_FORMAT = "dwarf-with-dsym";
				ENABLE_NS_ASSERTIONS = NO;
				ENABLE_STRICT_OBJC_MSGSEND = YES;
				GCC_C_LANGUAGE_STANDARD = gnu11;
				GCC_NO_COMMON_BLOCKS = YES;
				GCC_WARN_64_TO_32_BIT_CONVERSION = YES;
				GCC_WARN_ABOUT_RETURN_TYPE = YES_ERROR;
				GCC_WARN_UNDECLARED_SELECTOR = YES;
				GCC_WARN_UNINITIALIZED_AUTOS = YES_AGGRESSIVE;
				GCC_WARN_UNUSED_FUNCTION = YES;
				GCC_WARN_UNUSED_VARIABLE = YES;
				IPHONEOS_DEPLOYMENT_TARGET = 15.2;
				MTL_ENABLE_DEBUG_INFO = NO;
				MTL_FAST_MATH = YES;
				SDKROOT = iphoneos;
				SWIFT_COMPILATION_MODE = wholemodule;
				SWIFT_OPTIMIZATION_LEVEL = "-O";
				VALIDATE_PRODUCT = YES;
			};
			name = Release;
		};
		14A4A5DD27A9610B0055D812 /* Debug */ = {
			isa = XCBuildConfiguration;
			buildSettings = {
				ASSETCATALOG_COMPILER_APPICON_NAME = AppIcon;
				ASSETCATALOG_COMPILER_GLOBAL_ACCENT_COLOR_NAME = AccentColor;
				CODE_SIGN_IDENTITY = "Apple Development";
				CODE_SIGN_STYLE = Automatic;
				CURRENT_PROJECT_VERSION = 1;
				DEVELOPMENT_ASSET_PATHS = "\"Sources/Preview Content\"";
				DEVELOPMENT_TEAM = S886WPSL95;
				ENABLE_PREVIEWS = YES;
				GENERATE_INFOPLIST_FILE = YES;
				INFOPLIST_KEY_UIApplicationSceneManifest_Generation = YES;
				INFOPLIST_KEY_UIApplicationSupportsIndirectInputEvents = YES;
				INFOPLIST_KEY_UILaunchScreen_Generation = YES;
				INFOPLIST_KEY_UISupportedInterfaceOrientations_iPad = "UIInterfaceOrientationPortrait UIInterfaceOrientationPortraitUpsideDown UIInterfaceOrientationLandscapeLeft UIInterfaceOrientationLandscapeRight";
				INFOPLIST_KEY_UISupportedInterfaceOrientations_iPhone = "UIInterfaceOrientationPortrait UIInterfaceOrientationLandscapeLeft UIInterfaceOrientationLandscapeRight";
				LD_RUNPATH_SEARCH_PATHS = (
					"$(inherited)",
					"@executable_path/Frameworks",
				);
				MARKETING_VERSION = 1.0;
				PRODUCT_BUNDLE_IDENTIFIER = com.alorro.AVPlayerExercise;
				PRODUCT_NAME = "$(TARGET_NAME)";
				PROVISIONING_PROFILE_SPECIFIER = "";
				SWIFT_EMIT_LOC_STRINGS = YES;
				SWIFT_VERSION = 5.0;
				TARGETED_DEVICE_FAMILY = "1,2";
			};
			name = Debug;
		};
		14A4A5DE27A9610B0055D812 /* Release */ = {
			isa = XCBuildConfiguration;
			buildSettings = {
				ASSETCATALOG_COMPILER_APPICON_NAME = AppIcon;
				ASSETCATALOG_COMPILER_GLOBAL_ACCENT_COLOR_NAME = AccentColor;
				CODE_SIGN_IDENTITY = "Apple Development";
				CODE_SIGN_STYLE = Automatic;
				CURRENT_PROJECT_VERSION = 1;
				DEVELOPMENT_ASSET_PATHS = "\"Sources/Preview Content\"";
				DEVELOPMENT_TEAM = S886WPSL95;
				ENABLE_PREVIEWS = YES;
				GENERATE_INFOPLIST_FILE = YES;
				INFOPLIST_KEY_UIApplicationSceneManifest_Generation = YES;
				INFOPLIST_KEY_UIApplicationSupportsIndirectInputEvents = YES;
				INFOPLIST_KEY_UILaunchScreen_Generation = YES;
				INFOPLIST_KEY_UISupportedInterfaceOrientations_iPad = "UIInterfaceOrientationPortrait UIInterfaceOrientationPortraitUpsideDown UIInterfaceOrientationLandscapeLeft UIInterfaceOrientationLandscapeRight";
				INFOPLIST_KEY_UISupportedInterfaceOrientations_iPhone = "UIInterfaceOrientationPortrait UIInterfaceOrientationLandscapeLeft UIInterfaceOrientationLandscapeRight";
				LD_RUNPATH_SEARCH_PATHS = (
					"$(inherited)",
					"@executable_path/Frameworks",
				);
				MARKETING_VERSION = 1.0;
				PRODUCT_BUNDLE_IDENTIFIER = com.alorro.AVPlayerExercise;
				PRODUCT_NAME = "$(TARGET_NAME)";
				PROVISIONING_PROFILE_SPECIFIER = "";
				SWIFT_EMIT_LOC_STRINGS = YES;
				SWIFT_VERSION = 5.0;
				TARGETED_DEVICE_FAMILY = "1,2";
			};
			name = Release;
		};
		14A4A5E027A9610B0055D812 /* Debug */ = {
			isa = XCBuildConfiguration;
			buildSettings = {
				ALWAYS_EMBED_SWIFT_STANDARD_LIBRARIES = YES;
				BUNDLE_LOADER = "$(TEST_HOST)";
				CODE_SIGN_STYLE = Automatic;
				CURRENT_PROJECT_VERSION = 1;
				GENERATE_INFOPLIST_FILE = YES;
				IPHONEOS_DEPLOYMENT_TARGET = 15.2;
				MARKETING_VERSION = 1.0;
				PRODUCT_BUNDLE_IDENTIFIER = com.alorro.AVPlayerExerciseTests;
				PRODUCT_NAME = "$(TARGET_NAME)";
				SWIFT_EMIT_LOC_STRINGS = NO;
				SWIFT_VERSION = 5.0;
				TARGETED_DEVICE_FAMILY = "1,2";
				TEST_HOST = "$(BUILT_PRODUCTS_DIR)/AVPlayerExercise.app/AVPlayerExercise";
			};
			name = Debug;
		};
		14A4A5E127A9610B0055D812 /* Release */ = {
			isa = XCBuildConfiguration;
			buildSettings = {
				ALWAYS_EMBED_SWIFT_STANDARD_LIBRARIES = YES;
				BUNDLE_LOADER = "$(TEST_HOST)";
				CODE_SIGN_STYLE = Automatic;
				CURRENT_PROJECT_VERSION = 1;
				GENERATE_INFOPLIST_FILE = YES;
				IPHONEOS_DEPLOYMENT_TARGET = 15.2;
				MARKETING_VERSION = 1.0;
				PRODUCT_BUNDLE_IDENTIFIER = com.alorro.AVPlayerExerciseTests;
				PRODUCT_NAME = "$(TARGET_NAME)";
				SWIFT_EMIT_LOC_STRINGS = NO;
				SWIFT_VERSION = 5.0;
				TARGETED_DEVICE_FAMILY = "1,2";
				TEST_HOST = "$(BUILT_PRODUCTS_DIR)/AVPlayerExercise.app/AVPlayerExercise";
			};
			name = Release;
		};
		14A4A5E327A9610B0055D812 /* Debug */ = {
			isa = XCBuildConfiguration;
			buildSettings = {
				ALWAYS_EMBED_SWIFT_STANDARD_LIBRARIES = YES;
				CODE_SIGN_STYLE = Automatic;
				CURRENT_PROJECT_VERSION = 1;
				GENERATE_INFOPLIST_FILE = YES;
				MARKETING_VERSION = 1.0;
				PRODUCT_BUNDLE_IDENTIFIER = com.alorro.AVPlayerExerciseUITests;
				PRODUCT_NAME = "$(TARGET_NAME)";
				SWIFT_EMIT_LOC_STRINGS = NO;
				SWIFT_VERSION = 5.0;
				TARGETED_DEVICE_FAMILY = "1,2";
				TEST_TARGET_NAME = AVPlayerExercise;
			};
			name = Debug;
		};
		14A4A5E427A9610B0055D812 /* Release */ = {
			isa = XCBuildConfiguration;
			buildSettings = {
				ALWAYS_EMBED_SWIFT_STANDARD_LIBRARIES = YES;
				CODE_SIGN_STYLE = Automatic;
				CURRENT_PROJECT_VERSION = 1;
				GENERATE_INFOPLIST_FILE = YES;
				MARKETING_VERSION = 1.0;
				PRODUCT_BUNDLE_IDENTIFIER = com.alorro.AVPlayerExerciseUITests;
				PRODUCT_NAME = "$(TARGET_NAME)";
				SWIFT_EMIT_LOC_STRINGS = NO;
				SWIFT_VERSION = 5.0;
				TARGETED_DEVICE_FAMILY = "1,2";
				TEST_TARGET_NAME = AVPlayerExercise;
			};
			name = Release;
		};
/* End XCBuildConfiguration section */

/* Begin XCConfigurationList section */
		14A4A5B327A9610B0055D812 /* Build configuration list for PBXProject "AVPlayerExercise" */ = {
			isa = XCConfigurationList;
			buildConfigurations = (
				14A4A5DA27A9610B0055D812 /* Debug */,
				14A4A5DB27A9610B0055D812 /* Release */,
			);
			defaultConfigurationIsVisible = 0;
			defaultConfigurationName = Release;
		};
		14A4A5DC27A9610B0055D812 /* Build configuration list for PBXNativeTarget "AVPlayerExercise" */ = {
			isa = XCConfigurationList;
			buildConfigurations = (
				14A4A5DD27A9610B0055D812 /* Debug */,
				14A4A5DE27A9610B0055D812 /* Release */,
			);
			defaultConfigurationIsVisible = 0;
			defaultConfigurationName = Release;
		};
		14A4A5DF27A9610B0055D812 /* Build configuration list for PBXNativeTarget "AVPlayerExerciseTests" */ = {
			isa = XCConfigurationList;
			buildConfigurations = (
				14A4A5E027A9610B0055D812 /* Debug */,
				14A4A5E127A9610B0055D812 /* Release */,
			);
			defaultConfigurationIsVisible = 0;
			defaultConfigurationName = Release;
		};
		14A4A5E227A9610B0055D812 /* Build configuration list for PBXNativeTarget "AVPlayerExerciseUITests" */ = {
			isa = XCConfigurationList;
			buildConfigurations = (
				14A4A5E327A9610B0055D812 /* Debug */,
				14A4A5E427A9610B0055D812 /* Release */,
			);
			defaultConfigurationIsVisible = 0;
			defaultConfigurationName = Release;
		};
/* End XCConfigurationList section */
	};
	rootObject = 14A4A5B027A9610B0055D812 /* Project object */;
}
